
Microsoft Visual Studio Solution File, Format Version 12.00
# Visual Studio Version 16
VisualStudioVersion = 16.0.33529.622
MinimumVisualStudioVersion = 10.0.40219.1
Project("{FAE04EC0-301F-11D3-BF4B-00C04F79EFBC}") = "StackOverflowProject", "StackOverflowProject\StackOverflowProject.csproj", "{D1E757DD-B0F2-4DF7-88AB-B2B7D8718D9E}"
EndProject
Project("{FAE04EC0-301F-11D3-BF4B-00C04F79EFBC}") = "StackOverflowProject.ViewModels", "StackOverflowProject.ViewModels\StackOverflowProject.ViewModels.csproj", "{1A1E5F8C-C22B-407E-9AD1-8AD5B8174485}"
EndProject
Project("{FAE04EC0-301F-11D3-BF4B-00C04F79EFBC}") = "StackOverflowProject.Repositories", "StackOverflowProject.Repositories\StackOverflowProject.Repositories.csproj", "{0DA14A58-7F41-4D0D-803A-FF9FDDE4141E}"
EndProject
Project("{FAE04EC0-301F-11D3-BF4B-00C04F79EFBC}") = "StackOverflowProject.ServiceLayer", "StackOverflowProject.ServiceLayer\StackOverflowProject.ServiceLayer.csproj", "{F744926F-B996-47D5-8F34-35B6D17E1688}"
EndProject
Project("{FAE04EC0-301F-11D3-BF4B-00C04F79EFBC}") = "StackOverflowProject.DomainModels", "StackOverflowProject.DomainModels\StackOverflowProject.DomainModels.csproj", "{BA381571-5EE0-4556-93AC-5F87B04F8374}"
EndProject
Global
	GlobalSection(SolutionConfigurationPlatforms) = preSolution
		Debug|Any CPU = Debug|Any CPU
		Release|Any CPU = Release|Any CPU
	EndGlobalSection
	GlobalSection(ProjectConfigurationPlatforms) = postSolution
		{D1E757DD-B0F2-4DF7-88AB-B2B7D8718D9E}.Debug|Any CPU.ActiveCfg = Debug|Any CPU
		{D1E757DD-B0F2-4DF7-88AB-B2B7D8718D9E}.Debug|Any CPU.Build.0 = Debug|Any CPU
		{D1E757DD-B0F2-4DF7-88AB-B2B7D8718D9E}.Release|Any CPU.ActiveCfg = Release|Any CPU
		{D1E757DD-B0F2-4DF7-88AB-B2B7D8718D9E}.Release|Any CPU.Build.0 = Release|Any CPU
		{1A1E5F8C-C22B-407E-9AD1-8AD5B8174485}.Debug|Any CPU.ActiveCfg = Debug|Any CPU
		{1A1E5F8C-C22B-407E-9AD1-8AD5B8174485}.Debug|Any CPU.Build.0 = Debug|Any CPU
		{1A1E5F8C-C22B-407E-9AD1-8AD5B8174485}.Release|Any CPU.ActiveCfg = Release|Any CPU
		{1A1E5F8C-C22B-407E-9AD1-8AD5B8174485}.Release|Any CPU.Build.0 = Release|Any CPU
		{0DA14A58-7F41-4D0D-803A-FF9FDDE4141E}.Debug|Any CPU.ActiveCfg = Debug|Any CPU
		{0DA14A58-7F41-4D0D-803A-FF9FDDE4141E}.Debug|Any CPU.Build.0 = Debug|Any CPU
		{0DA14A58-7F41-4D0D-803A-FF9FDDE4141E}.Release|Any CPU.ActiveCfg = Release|Any CPU
		{0DA14A58-7F41-4D0D-803A-FF9FDDE4141E}.Release|Any CPU.Build.0 = Release|Any CPU
		{F744926F-B996-47D5-8F34-35B6D17E1688}.Debug|Any CPU.ActiveCfg = Debug|Any CPU
		{F744926F-B996-47D5-8F34-35B6D17E1688}.Debug|Any CPU.Build.0 = Debug|Any CPU
		{F744926F-B996-47D5-8F34-35B6D17E1688}.Release|Any CPU.ActiveCfg = Release|Any CPU
		{F744926F-B996-47D5-8F34-35B6D17E1688}.Release|Any CPU.Build.0 = Release|Any CPU
		{BA381571-5EE0-4556-93AC-5F87B04F8374}.Debug|Any CPU.ActiveCfg = Debug|Any CPU
		{BA381571-5EE0-4556-93AC-5F87B04F8374}.Debug|Any CPU.Build.0 = Debug|Any CPU
		{BA381571-5EE0-4556-93AC-5F87B04F8374}.Release|Any CPU.ActiveCfg = Release|Any CPU
		{BA381571-5EE0-4556-93AC-5F87B04F8374}.Release|Any CPU.Build.0 = Release|Any CPU
	EndGlobalSection
	GlobalSection(SolutionProperties) = preSolution
		HideSolutionNode = FALSE
	EndGlobalSection
	GlobalSection(ExtensibilityGlobals) = postSolution
		SolutionGuid = {A85B1DA9-261B-4B79-90B8-5C34054E1588}
	EndGlobalSection
EndGlobal
